
Microsoft Visual Studio Solution File, Format Version 12.00
# Visual Studio 14
VisualStudioVersion = 14.0.23107.0
MinimumVisualStudioVersion = 10.0.40219.1
Project("{FAE04EC0-301F-11D3-BF4B-00C04F79EFBC}") = "BooksSample", "BooksSample\BooksSample.csproj", "{7FBD9CC3-5C9B-4D07-A45C-47CD6FC1C8DB}"
EndProject
Project("{FAE04EC0-301F-11D3-BF4B-00C04F79EFBC}") = "TheBestAndCoolestMvvmFramework", "TheBestAndCoolestMvvmFramework\TheBestAndCoolestMvvmFramework.csproj", "{A6EA9A44-7269-4309-BA0E-DF86D9E3CD40}"
EndProject
Global
	GlobalSection(SolutionConfigurationPlatforms) = preSolution
		Debug|Any CPU = Debug|Any CPU
		Release|Any CPU = Release|Any CPU
	EndGlobalSection
	GlobalSection(ProjectConfigurationPlatforms) = postSolution
		{7FBD9CC3-5C9B-4D07-A45C-47CD6FC1C8DB}.Debug|Any CPU.ActiveCfg = Debug|Any CPU
		{7FBD9CC3-5C9B-4D07-A45C-47CD6FC1C8DB}.Debug|Any CPU.Build.0 = Debug|Any CPU
		{7FBD9CC3-5C9B-4D07-A45C-47CD6FC1C8DB}.Release|Any CPU.ActiveCfg = Release|Any CPU
		{7FBD9CC3-5C9B-4D07-A45C-47CD6FC1C8DB}.Release|Any CPU.Build.0 = Release|Any CPU
		{A6EA9A44-7269-4309-BA0E-DF86D9E3CD40}.Debug|Any CPU.ActiveCfg = Debug|Any CPU
		{A6EA9A44-7269-4309-BA0E-DF86D9E3CD40}.Debug|Any CPU.Build.0 = Debug|Any CPU
		{A6EA9A44-7269-4309-BA0E-DF86D9E3CD40}.Release|Any CPU.ActiveCfg = Release|Any CPU
		{A6EA9A44-7269-4309-BA0E-DF86D9E3CD40}.Release|Any CPU.Build.0 = Release|Any CPU
	EndGlobalSection
	GlobalSection(SolutionProperties) = preSolution
		HideSolutionNode = FALSE
	EndGlobalSection
EndGlobal
